// !$*UTF8*$!
{
	archiveVersion = 1;
	classes = {
	};
	objectVersion = 50;
	objects = {

/* Begin PBXBuildFile section */
		8F992D1C24D7F4A3004339E7 /* AppDelegate.swift in Sources */ = {isa = PBXBuildFile; fileRef = 8F992D1B24D7F4A3004339E7 /* AppDelegate.swift */; };
		8F992D1E24D7F4A3004339E7 /* SceneDelegate.swift in Sources */ = {isa = PBXBuildFile; fileRef = 8F992D1D24D7F4A3004339E7 /* SceneDelegate.swift */; };
		8F992D2024D7F4A3004339E7 /* ContentView.swift in Sources */ = {isa = PBXBuildFile; fileRef = 8F992D1F24D7F4A3004339E7 /* ContentView.swift */; };
		8F992D2224D7F4A4004339E7 /* Assets.xcassets in Resources */ = {isa = PBXBuildFile; fileRef = 8F992D2124D7F4A4004339E7 /* Assets.xcassets */; };
		8F992D2524D7F4A4004339E7 /* Preview Assets.xcassets in Resources */ = {isa = PBXBuildFile; fileRef = 8F992D2424D7F4A4004339E7 /* Preview Assets.xcassets */; };
		8F992D2824D7F4A4004339E7 /* LaunchScreen.storyboard in Resources */ = {isa = PBXBuildFile; fileRef = 8F992D2624D7F4A4004339E7 /* LaunchScreen.storyboard */; };
		8F992D3324D7F4A4004339E7 /* testGitTests.swift in Sources */ = {isa = PBXBuildFile; fileRef = 8F992D3224D7F4A4004339E7 /* testGitTests.swift */; };
		8F992D3E24D7F4A4004339E7 /* testGitUITests.swift in Sources */ = {isa = PBXBuildFile; fileRef = 8F992D3D24D7F4A4004339E7 /* testGitUITests.swift */; };
/* End PBXBuildFile section */

/* Begin PBXContainerItemProxy section */
		8F992D2F24D7F4A4004339E7 /* PBXContainerItemProxy */ = {
			isa = PBXContainerItemProxy;
			containerPortal = 8F992D1024D7F4A3004339E7 /* Project object */;
			proxyType = 1;
			remoteGlobalIDString = 8F992D1724D7F4A3004339E7;
			remoteInfo = testGit;
		};
		8F992D3A24D7F4A4004339E7 /* PBXContainerItemProxy */ = {
			isa = PBXContainerItemProxy;
			containerPortal = 8F992D1024D7F4A3004339E7 /* Project object */;
			proxyType = 1;
			remoteGlobalIDString = 8F992D1724D7F4A3004339E7;
			remoteInfo = testGit;
		};
/* End PBXContainerItemProxy section */

/* Begin PBXFileReference section */
		8F992D1824D7F4A3004339E7 /* testGit.app */ = {isa = PBXFileReference; explicitFileType = wrapper.application; includeInIndex = 0; path = testGit.app; sourceTree = BUILT_PRODUCTS_DIR; };
		8F992D1B24D7F4A3004339E7 /* AppDelegate.swift */ = {isa = PBXFileReference; lastKnownFileType = sourcecode.swift; path = AppDelegate.swift; sourceTree = "<group>"; };
		8F992D1D24D7F4A3004339E7 /* SceneDelegate.swift */ = {isa = PBXFileReference; lastKnownFileType = sourcecode.swift; path = SceneDelegate.swift; sourceTree = "<group>"; };
		8F992D1F24D7F4A3004339E7 /* ContentView.swift */ = {isa = PBXFileReference; lastKnownFileType = sourcecode.swift; path = ContentView.swift; sourceTree = "<group>"; };
		8F992D2124D7F4A4004339E7 /* Assets.xcassets */ = {isa = PBXFileReference; lastKnownFileType = folder.assetcatalog; path = Assets.xcassets; sourceTree = "<group>"; };
		8F992D2424D7F4A4004339E7 /* Preview Assets.xcassets */ = {isa = PBXFileReference; lastKnownFileType = folder.assetcatalog; path = "Preview Assets.xcassets"; sourceTree = "<group>"; };
		8F992D2724D7F4A4004339E7 /* Base */ = {isa = PBXFileReference; lastKnownFileType = file.storyboard; name = Base; path = Base.lproj/LaunchScreen.storyboard; sourceTree = "<group>"; };
		8F992D2924D7F4A4004339E7 /* Info.plist */ = {isa = PBXFileReference; lastKnownFileType = text.plist.xml; path = Info.plist; sourceTree = "<group>"; };
		8F992D2E24D7F4A4004339E7 /* testGitTests.xctest */ = {isa = PBXFileReference; explicitFileType = wrapper.cfbundle; includeInIndex = 0; path = testGitTests.xctest; sourceTree = BUILT_PRODUCTS_DIR; };
		8F992D3224D7F4A4004339E7 /* testGitTests.swift */ = {isa = PBXFileReference; lastKnownFileType = sourcecode.swift; path = testGitTests.swift; sourceTree = "<group>"; };
		8F992D3424D7F4A4004339E7 /* Info.plist */ = {isa = PBXFileReference; lastKnownFileType = text.plist.xml; path = Info.plist; sourceTree = "<group>"; };
		8F992D3924D7F4A4004339E7 /* testGitUITests.xctest */ = {isa = PBXFileReference; explicitFileType = wrapper.cfbundle; includeInIndex = 0; path = testGitUITests.xctest; sourceTree = BUILT_PRODUCTS_DIR; };
		8F992D3D24D7F4A4004339E7 /* testGitUITests.swift */ = {isa = PBXFileReference; lastKnownFileType = sourcecode.swift; path = testGitUITests.swift; sourceTree = "<group>"; };
		8F992D3F24D7F4A4004339E7 /* Info.plist */ = {isa = PBXFileReference; lastKnownFileType = text.plist.xml; path = Info.plist; sourceTree = "<group>"; };
/* End PBXFileReference section */

/* Begin PBXFrameworksBuildPhase section */
		8F992D1524D7F4A3004339E7 /* Frameworks */ = {
			isa = PBXFrameworksBuildPhase;
			buildActionMask = 2147483647;
			files = (
			);
			runOnlyForDeploymentPostprocessing = 0;
		};
		8F992D2B24D7F4A4004339E7 /* Frameworks */ = {
			isa = PBXFrameworksBuildPhase;
			buildActionMask = 2147483647;
			files = (
			);
			runOnlyForDeploymentPostprocessing = 0;
		};
		8F992D3624D7F4A4004339E7 /* Frameworks */ = {
			isa = PBXFrameworksBuildPhase;
			buildActionMask = 2147483647;
			files = (
			);
			runOnlyForDeploymentPostprocessing = 0;
		};
/* End PBXFrameworksBuildPhase section */

/* Begin PBXGroup section */
		8F992D0F24D7F4A3004339E7 = {
			isa = PBXGroup;
			children = (
				8F992D1A24D7F4A3004339E7 /* testGit */,
				8F992D3124D7F4A4004339E7 /* testGitTests */,
				8F992D3C24D7F4A4004339E7 /* testGitUITests */,
				8F992D1924D7F4A3004339E7 /* Products */,
			);
			sourceTree = "<group>";
		};
		8F992D1924D7F4A3004339E7 /* Products */ = {
			isa = PBXGroup;
			children = (
				8F992D1824D7F4A3004339E7 /* testGit.app */,
				8F992D2E24D7F4A4004339E7 /* testGitTests.xctest */,
				8F992D3924D7F4A4004339E7 /* testGitUITests.xctest */,
			);
			name = Products;
			sourceTree = "<group>";
		};
		8F992D1A24D7F4A3004339E7 /* testGit */ = {
			isa = PBXGroup;
			children = (
				8F992D1B24D7F4A3004339E7 /* AppDelegate.swift */,
				8F992D1D24D7F4A3004339E7 /* SceneDelegate.swift */,
				8F992D1F24D7F4A3004339E7 /* ContentView.swift */,
				8F992D2124D7F4A4004339E7 /* Assets.xcassets */,
				8F992D2624D7F4A4004339E7 /* LaunchScreen.storyboard */,
				8F992D2924D7F4A4004339E7 /* Info.plist */,
				8F992D2324D7F4A4004339E7 /* Preview Content */,
			);
			path = testGit;
			sourceTree = "<group>";
		};
		8F992D2324D7F4A4004339E7 /* Preview Content */ = {
			isa = PBXGroup;
			children = (
				8F992D2424D7F4A4004339E7 /* Preview Assets.xcassets */,
			);
			path = "Preview Content";
			sourceTree = "<group>";
		};
		8F992D3124D7F4A4004339E7 /* testGitTests */ = {
			isa = PBXGroup;
			children = (
				8F992D3224D7F4A4004339E7 /* testGitTests.swift */,
				8F992D3424D7F4A4004339E7 /* Info.plist */,
			);
			path = testGitTests;
			sourceTree = "<group>";
		};
		8F992D3C24D7F4A4004339E7 /* testGitUITests */ = {
			isa = PBXGroup;
			children = (
				8F992D3D24D7F4A4004339E7 /* testGitUITests.swift */,
				8F992D3F24D7F4A4004339E7 /* Info.plist */,
			);
			path = testGitUITests;
			sourceTree = "<group>";
		};
/* End PBXGroup section */

/* Begin PBXNativeTarget section */
		8F992D1724D7F4A3004339E7 /* testGit */ = {
			isa = PBXNativeTarget;
			buildConfigurationList = 8F992D4224D7F4A4004339E7 /* Build configuration list for PBXNativeTarget "testGit" */;
			buildPhases = (
				8F992D1424D7F4A3004339E7 /* Sources */,
				8F992D1524D7F4A3004339E7 /* Frameworks */,
				8F992D1624D7F4A3004339E7 /* Resources */,
			);
			buildRules = (
			);
			dependencies = (
			);
			name = testGit;
			productName = testGit;
			productReference = 8F992D1824D7F4A3004339E7 /* testGit.app */;
			productType = "com.apple.product-type.application";
		};
		8F992D2D24D7F4A4004339E7 /* testGitTests */ = {
			isa = PBXNativeTarget;
			buildConfigurationList = 8F992D4524D7F4A4004339E7 /* Build configuration list for PBXNativeTarget "testGitTests" */;
			buildPhases = (
				8F992D2A24D7F4A4004339E7 /* Sources */,
				8F992D2B24D7F4A4004339E7 /* Frameworks */,
				8F992D2C24D7F4A4004339E7 /* Resources */,
			);
			buildRules = (
			);
			dependencies = (
				8F992D3024D7F4A4004339E7 /* PBXTargetDependency */,
			);
			name = testGitTests;
			productName = testGitTests;
			productReference = 8F992D2E24D7F4A4004339E7 /* testGitTests.xctest */;
			productType = "com.apple.product-type.bundle.unit-test";
		};
		8F992D3824D7F4A4004339E7 /* testGitUITests */ = {
			isa = PBXNativeTarget;
			buildConfigurationList = 8F992D4824D7F4A4004339E7 /* Build configuration list for PBXNativeTarget "testGitUITests" */;
			buildPhases = (
				8F992D3524D7F4A4004339E7 /* Sources */,
				8F992D3624D7F4A4004339E7 /* Frameworks */,
				8F992D3724D7F4A4004339E7 /* Resources */,
			);
			buildRules = (
			);
			dependencies = (
				8F992D3B24D7F4A4004339E7 /* PBXTargetDependency */,
			);
			name = testGitUITests;
			productName = testGitUITests;
			productReference = 8F992D3924D7F4A4004339E7 /* testGitUITests.xctest */;
			productType = "com.apple.product-type.bundle.ui-testing";
		};
/* End PBXNativeTarget section */

/* Begin PBXProject section */
		8F992D1024D7F4A3004339E7 /* Project object */ = {
			isa = PBXProject;
			attributes = {
				LastSwiftUpdateCheck = 1160;
				LastUpgradeCheck = 1160;
				ORGANIZATIONNAME = "Вадим Куйда";
				TargetAttributes = {
					8F992D1724D7F4A3004339E7 = {
						CreatedOnToolsVersion = 11.6;
					};
					8F992D2D24D7F4A4004339E7 = {
						CreatedOnToolsVersion = 11.6;
						TestTargetID = 8F992D1724D7F4A3004339E7;
					};
					8F992D3824D7F4A4004339E7 = {
						CreatedOnToolsVersion = 11.6;
						TestTargetID = 8F992D1724D7F4A3004339E7;
					};
				};
			};
			buildConfigurationList = 8F992D1324D7F4A3004339E7 /* Build configuration list for PBXProject "testGit" */;
			compatibilityVersion = "Xcode 9.3";
			developmentRegion = en;
			hasScannedForEncodings = 0;
			knownRegions = (
				en,
				Base,
			);
			mainGroup = 8F992D0F24D7F4A3004339E7;
			productRefGroup = 8F992D1924D7F4A3004339E7 /* Products */;
			projectDirPath = "";
			projectRoot = "";
			targets = (
				8F992D1724D7F4A3004339E7 /* testGit */,
				8F992D2D24D7F4A4004339E7 /* testGitTests */,
				8F992D3824D7F4A4004339E7 /* testGitUITests */,
			);
		};
/* End PBXProject section */

/* Begin PBXResourcesBuildPhase section */
		8F992D1624D7F4A3004339E7 /* Resources */ = {
			isa = PBXResourcesBuildPhase;
			buildActionMask = 2147483647;
			files = (
				8F992D2824D7F4A4004339E7 /* LaunchScreen.storyboard in Resources */,
				8F992D2524D7F4A4004339E7 /* Preview Assets.xcassets in Resources */,
				8F992D2224D7F4A4004339E7 /* Assets.xcassets in Resources */,
			);
			runOnlyForDeploymentPostprocessing = 0;
		};
		8F992D2C24D7F4A4004339E7 /* Resources */ = {
			isa = PBXResourcesBuildPhase;
			buildActionMask = 2147483647;
			files = (
			);
			runOnlyForDeploymentPostprocessing = 0;
		};
		8F992D3724D7F4A4004339E7 /* Resources */ = {
			isa = PBXResourcesBuildPhase;
			buildActionMask = 2147483647;
			files = (
			);
			runOnlyForDeploymentPostprocessing = 0;
		};
/* End PBXResourcesBuildPhase section */

/* Begin PBXSourcesBuildPhase section */
		8F992D1424D7F4A3004339E7 /* Sources */ = {
			isa = PBXSourcesBuildPhase;
			buildActionMask = 2147483647;
			files = (
				8F992D1C24D7F4A3004339E7 /* AppDelegate.swift in Sources */,
				8F992D1E24D7F4A3004339E7 /* SceneDelegate.swift in Sources */,
				8F992D2024D7F4A3004339E7 /* ContentView.swift in Sources */,
			);
			runOnlyForDeploymentPostprocessing = 0;
		};
		8F992D2A24D7F4A4004339E7 /* Sources */ = {
			isa = PBXSourcesBuildPhase;
			buildActionMask = 2147483647;
			files = (
				8F992D3324D7F4A4004339E7 /* testGitTests.swift in Sources */,
			);
			runOnlyForDeploymentPostprocessing = 0;
		};
		8F992D3524D7F4A4004339E7 /* Sources */ = {
			isa = PBXSourcesBuildPhase;
			buildActionMask = 2147483647;
			files = (
				8F992D3E24D7F4A4004339E7 /* testGitUITests.swift in Sources */,
			);
			runOnlyForDeploymentPostprocessing = 0;
		};
/* End PBXSourcesBuildPhase section */

/* Begin PBXTargetDependency section */
		8F992D3024D7F4A4004339E7 /* PBXTargetDependency */ = {
			isa = PBXTargetDependency;
			target = 8F992D1724D7F4A3004339E7 /* testGit */;
			targetProxy = 8F992D2F24D7F4A4004339E7 /* PBXContainerItemProxy */;
		};
		8F992D3B24D7F4A4004339E7 /* PBXTargetDependency */ = {
			isa = PBXTargetDependency;
			target = 8F992D1724D7F4A3004339E7 /* testGit */;
			targetProxy = 8F992D3A24D7F4A4004339E7 /* PBXContainerItemProxy */;
		};
/* End PBXTargetDependency section */

/* Begin PBXVariantGroup section */
		8F992D2624D7F4A4004339E7 /* LaunchScreen.storyboard */ = {
			isa = PBXVariantGroup;
			children = (
				8F992D2724D7F4A4004339E7 /* Base */,
			);
			name = LaunchScreen.storyboard;
			sourceTree = "<group>";
		};
/* End PBXVariantGroup section */

/* Begin XCBuildConfiguration section */
		8F992D4024D7F4A4004339E7 /* Debug */ = {
			isa = XCBuildConfiguration;
			buildSettings = {
				ALWAYS_SEARCH_USER_PATHS = NO;
				CLANG_ANALYZER_NONNULL = YES;
				CLANG_ANALYZER_NUMBER_OBJECT_CONVERSION = YES_AGGRESSIVE;
				CLANG_CXX_LANGUAGE_STANDARD = "gnu++14";
				CLANG_CXX_LIBRARY = "libc++";
				CLANG_ENABLE_MODULES = YES;
				CLANG_ENABLE_OBJC_ARC = YES;
				CLANG_ENABLE_OBJC_WEAK = YES;
				CLANG_WARN_BLOCK_CAPTURE_AUTORELEASING = YES;
				CLANG_WARN_BOOL_CONVERSION = YES;
				CLANG_WARN_COMMA = YES;
				CLANG_WARN_CONSTANT_CONVERSION = YES;
				CLANG_WARN_DEPRECATED_OBJC_IMPLEMENTATIONS = YES;
				CLANG_WARN_DIRECT_OBJC_ISA_USAGE = YES_ERROR;
				CLANG_WARN_DOCUMENTATION_COMMENTS = YES;
				CLANG_WARN_EMPTY_BODY = YES;
				CLANG_WARN_ENUM_CONVERSION = YES;
				CLANG_WARN_INFINITE_RECURSION = YES;
				CLANG_WARN_INT_CONVERSION = YES;
				CLANG_WARN_NON_LITERAL_NULL_CONVERSION = YES;
				CLANG_WARN_OBJC_IMPLICIT_RETAIN_SELF = YES;
				CLANG_WARN_OBJC_LITERAL_CONVERSION = YES;
				CLANG_WARN_OBJC_ROOT_CLASS = YES_ERROR;
				CLANG_WARN_RANGE_LOOP_ANALYSIS = YES;
				CLANG_WARN_STRICT_PROTOTYPES = YES;
				CLANG_WARN_SUSPICIOUS_MOVE = YES;
				CLANG_WARN_UNGUARDED_AVAILABILITY = YES_AGGRESSIVE;
				CLANG_WARN_UNREACHABLE_CODE = YES;
				CLANG_WARN__DUPLICATE_METHOD_MATCH = YES;
				COPY_PHASE_STRIP = NO;
				DEBUG_INFORMATION_FORMAT = dwarf;
				ENABLE_STRICT_OBJC_MSGSEND = YES;
				ENABLE_TESTABILITY = YES;
				GCC_C_LANGUAGE_STANDARD = gnu11;
				GCC_DYNAMIC_NO_PIC = NO;
				GCC_NO_COMMON_BLOCKS = YES;
				GCC_OPTIMIZATION_LEVEL = 0;
				GCC_PREPROCESSOR_DEFINITIONS = (
					"DEBUG=1",
					"$(inherited)",
				);
				GCC_WARN_64_TO_32_BIT_CONVERSION = YES;
				GCC_WARN_ABOUT_RETURN_TYPE = YES_ERROR;
				GCC_WARN_UNDECLARED_SELECTOR = YES;
				GCC_WARN_UNINITIALIZED_AUTOS = YES_AGGRESSIVE;
				GCC_WARN_UNUSED_FUNCTION = YES;
				GCC_WARN_UNUSED_VARIABLE = YES;
				IPHONEOS_DEPLOYMENT_TARGET = 13.6;
				MTL_ENABLE_DEBUG_INFO = INCLUDE_SOURCE;
				MTL_FAST_MATH = YES;
				ONLY_ACTIVE_ARCH = YES;
				SDKROOT = iphoneos;
				SWIFT_ACTIVE_COMPILATION_CONDITIONS = DEBUG;
				SWIFT_OPTIMIZATION_LEVEL = "-Onone";
			};
			name = Debug;
		};
		8F992D4124D7F4A4004339E7 /* Release */ = {
			isa = XCBuildConfiguration;
			buildSettings = {
				ALWAYS_SEARCH_USER_PATHS = NO;
				CLANG_ANALYZER_NONNULL = YES;
				CLANG_ANALYZER_NUMBER_OBJECT_CONVERSION = YES_AGGRESSIVE;
				CLANG_CXX_LANGUAGE_STANDARD = "gnu++14";
				CLANG_CXX_LIBRARY = "libc++";
				CLANG_ENABLE_MODULES = YES;
				CLANG_ENABLE_OBJC_ARC = YES;
				CLANG_ENABLE_OBJC_WEAK = YES;
				CLANG_WARN_BLOCK_CAPTURE_AUTORELEASING = YES;
				CLANG_WARN_BOOL_CONVERSION = YES;
				CLANG_WARN_COMMA = YES;
				CLANG_WARN_CONSTANT_CONVERSION = YES;
				CLANG_WARN_DEPRECATED_OBJC_IMPLEMENTATIONS = YES;
				CLANG_WARN_DIRECT_OBJC_ISA_USAGE = YES_ERROR;
				CLANG_WARN_DOCUMENTATION_COMMENTS = YES;
				CLANG_WARN_EMPTY_BODY = YES;
				CLANG_WARN_ENUM_CONVERSION = YES;
				CLANG_WARN_INFINITE_RECURSION = YES;
				CLANG_WARN_INT_CONVERSION = YES;
				CLANG_WARN_NON_LITERAL_NULL_CONVERSION = YES;
				CLANG_WARN_OBJC_IMPLICIT_RETAIN_SELF = YES;
				CLANG_WARN_OBJC_LITERAL_CONVERSION = YES;
				CLANG_WARN_OBJC_ROOT_CLASS = YES_ERROR;
				CLANG_WARN_RANGE_LOOP_ANALYSIS = YES;
				CLANG_WARN_STRICT_PROTOTYPES = YES;
				CLANG_WARN_SUSPICIOUS_MOVE = YES;
				CLANG_WARN_UNGUARDED_AVAILABILITY = YES_AGGRESSIVE;
				CLANG_WARN_UNREACHABLE_CODE = YES;
				CLANG_WARN__DUPLICATE_METHOD_MATCH = YES;
				COPY_PHASE_STRIP = NO;
				DEBUG_INFORMATION_FORMAT = "dwarf-with-dsym";
				ENABLE_NS_ASSERTIONS = NO;
				ENABLE_STRICT_OBJC_MSGSEND = YES;
				GCC_C_LANGUAGE_STANDARD = gnu11;
				GCC_NO_COMMON_BLOCKS = YES;
				GCC_WARN_64_TO_32_BIT_CONVERSION = YES;
				GCC_WARN_ABOUT_RETURN_TYPE = YES_ERROR;
				GCC_WARN_UNDECLARED_SELECTOR = YES;
				GCC_WARN_UNINITIALIZED_AUTOS = YES_AGGRESSIVE;
				GCC_WARN_UNUSED_FUNCTION = YES;
				GCC_WARN_UNUSED_VARIABLE = YES;
				IPHONEOS_DEPLOYMENT_TARGET = 13.6;
				MTL_ENABLE_DEBUG_INFO = NO;
				MTL_FAST_MATH = YES;
				SDKROOT = iphoneos;
				SWIFT_COMPILATION_MODE = wholemodule;
				SWIFT_OPTIMIZATION_LEVEL = "-O";
				VALIDATE_PRODUCT = YES;
			};
			name = Release;
		};
		8F992D4324D7F4A4004339E7 /* Debug */ = {
			isa = XCBuildConfiguration;
			buildSettings = {
				ASSETCATALOG_COMPILER_APPICON_NAME = AppIcon;
				CODE_SIGN_STYLE = Automatic;
				DEVELOPMENT_ASSET_PATHS = "\"testGit/Preview Content\"";
				DEVELOPMENT_TEAM = AXG6YGJW76;
				ENABLE_PREVIEWS = YES;
				INFOPLIST_FILE = testGit/Info.plist;
				LD_RUNPATH_SEARCH_PATHS = (
					"$(inherited)",
					"@executable_path/Frameworks",
				);
				PRODUCT_BUNDLE_IDENTIFIER = corp.office.testGit;
				PRODUCT_NAME = "$(TARGET_NAME)";
				SWIFT_VERSION = 5.0;
				TARGETED_DEVICE_FAMILY = "1,2";
			};
			name = Debug;
		};
		8F992D4424D7F4A4004339E7 /* Release */ = {
			isa = XCBuildConfiguration;
			buildSettings = {
				ASSETCATALOG_COMPILER_APPICON_NAME = AppIcon;
				CODE_SIGN_STYLE = Automatic;
				DEVELOPMENT_ASSET_PATHS = "\"testGit/Preview Content\"";
				DEVELOPMENT_TEAM = AXG6YGJW76;
				ENABLE_PREVIEWS = YES;
				INFOPLIST_FILE = testGit/Info.plist;
				LD_RUNPATH_SEARCH_PATHS = (
					"$(inherited)",
					"@executable_path/Frameworks",
				);
				PRODUCT_BUNDLE_IDENTIFIER = corp.office.testGit;
				PRODUCT_NAME = "$(TARGET_NAME)";
				SWIFT_VERSION = 5.0;
				TARGETED_DEVICE_FAMILY = "1,2";
			};
			name = Release;
		};
		8F992D4624D7F4A4004339E7 /* Debug */ = {
			isa = XCBuildConfiguration;
			buildSettings = {
				ALWAYS_EMBED_SWIFT_STANDARD_LIBRARIES = YES;
				BUNDLE_LOADER = "$(TEST_HOST)";
				CODE_SIGN_STYLE = Automatic;
				DEVELOPMENT_TEAM = AXG6YGJW76;
				INFOPLIST_FILE = testGitTests/Info.plist;
				IPHONEOS_DEPLOYMENT_TARGET = 13.6;
				LD_RUNPATH_SEARCH_PATHS = (
					"$(inherited)",
					"@executable_path/Frameworks",
					"@loader_path/Frameworks",
				);
				PRODUCT_BUNDLE_IDENTIFIER = corp.office.testGitTests;
				PRODUCT_NAME = "$(TARGET_NAME)";
				SWIFT_VERSION = 5.0;
				TARGETED_DEVICE_FAMILY = "1,2";
				TEST_HOST = "$(BUILT_PRODUCTS_DIR)/testGit.app/testGit";
			};
			name = Debug;
		};
		8F992D4724D7F4A4004339E7 /* Release */ = {
			isa = XCBuildConfiguration;
			buildSettings = {
				ALWAYS_EMBED_SWIFT_STANDARD_LIBRARIES = YES;
				BUNDLE_LOADER = "$(TEST_HOST)";
				CODE_SIGN_STYLE = Automatic;
				DEVELOPMENT_TEAM = AXG6YGJW76;
				INFOPLIST_FILE = testGitTests/Info.plist;
				IPHONEOS_DEPLOYMENT_TARGET = 13.6;
				LD_RUNPATH_SEARCH_PATHS = (
					"$(inherited)",
					"@executable_path/Frameworks",
					"@loader_path/Frameworks",
				);
				PRODUCT_BUNDLE_IDENTIFIER = corp.office.testGitTests;
				PRODUCT_NAME = "$(TARGET_NAME)";
				SWIFT_VERSION = 5.0;
				TARGETED_DEVICE_FAMILY = "1,2";
				TEST_HOST = "$(BUILT_PRODUCTS_DIR)/testGit.app/testGit";
			};
			name = Release;
		};
		8F992D4924D7F4A4004339E7 /* Debug */ = {
			isa = XCBuildConfiguration;
			buildSettings = {
				ALWAYS_EMBED_SWIFT_STANDARD_LIBRARIES = YES;
				CODE_SIGN_STYLE = Automatic;
				DEVELOPMENT_TEAM = AXG6YGJW76;
				INFOPLIST_FILE = testGitUITests/Info.plist;
				LD_RUNPATH_SEARCH_PATHS = (
					"$(inherited)",
					"@executable_path/Frameworks",
					"@loader_path/Frameworks",
				);
				PRODUCT_BUNDLE_IDENTIFIER = corp.office.testGitUITests;
				PRODUCT_NAME = "$(TARGET_NAME)";
				SWIFT_VERSION = 5.0;
				TARGETED_DEVICE_FAMILY = "1,2";
				TEST_TARGET_NAME = testGit;
			};
			name = Debug;
		};
		8F992D4A24D7F4A4004339E7 /* Release */ = {
			isa = XCBuildConfiguration;
			buildSettings = {
				ALWAYS_EMBED_SWIFT_STANDARD_LIBRARIES = YES;
				CODE_SIGN_STYLE = Automatic;
				DEVELOPMENT_TEAM = AXG6YGJW76;
				INFOPLIST_FILE = testGitUITests/Info.plist;
				LD_RUNPATH_SEARCH_PATHS = (
					"$(inherited)",
					"@executable_path/Frameworks",
					"@loader_path/Frameworks",
				);
				PRODUCT_BUNDLE_IDENTIFIER = corp.office.testGitUITests;
				PRODUCT_NAME = "$(TARGET_NAME)";
				SWIFT_VERSION = 5.0;
				TARGETED_DEVICE_FAMILY = "1,2";
				TEST_TARGET_NAME = testGit;
			};
			name = Release;
		};
/* End XCBuildConfiguration section */

/* Begin XCConfigurationList section */
		8F992D1324D7F4A3004339E7 /* Build configuration list for PBXProject "testGit" */ = {
			isa = XCConfigurationList;
			buildConfigurations = (
				8F992D4024D7F4A4004339E7 /* Debug */,
				8F992D4124D7F4A4004339E7 /* Release */,
			);
			defaultConfigurationIsVisible = 0;
			defaultConfigurationName = Release;
		};
		8F992D4224D7F4A4004339E7 /* Build configuration list for PBXNativeTarget "testGit" */ = {
			isa = XCConfigurationList;
			buildConfigurations = (
				8F992D4324D7F4A4004339E7 /* Debug */,
				8F992D4424D7F4A4004339E7 /* Release */,
			);
			defaultConfigurationIsVisible = 0;
			defaultConfigurationName = Release;
		};
		8F992D4524D7F4A4004339E7 /* Build configuration list for PBXNativeTarget "testGitTests" */ = {
			isa = XCConfigurationList;
			buildConfigurations = (
				8F992D4624D7F4A4004339E7 /* Debug */,
				8F992D4724D7F4A4004339E7 /* Release */,
			);
			defaultConfigurationIsVisible = 0;
			defaultConfigurationName = Release;
		};
		8F992D4824D7F4A4004339E7 /* Build configuration list for PBXNativeTarget "testGitUITests" */ = {
			isa = XCConfigurationList;
			buildConfigurations = (
				8F992D4924D7F4A4004339E7 /* Debug */,
				8F992D4A24D7F4A4004339E7 /* Release */,
			);
			defaultConfigurationIsVisible = 0;
			defaultConfigurationName = Release;
		};
/* End XCConfigurationList section */
	};
	rootObject = 8F992D1024D7F4A3004339E7 /* Project object */;
}
